{
    "_readme": [
        "This file locks the dependencies of your project to a known state",
        "Read more about it at https://getcomposer.org/doc/01-basic-usage.md#installing-dependencies",
        "This file is @generated automatically"
    ],
    "content-hash": "43da637be04eca07848c281953574ba3",
    "packages": [
        {
            "name": "fox/ttrss",
            "version": "master",
            "source": {
                "type": "git",
                "url": "https://github.com/dittos/ttrss-mirror.git",
                "reference": "master"
            },
            "type": "project",
            "time": "2020-02-25T10:25:55+00:00"
        }
    ],
    "packages-dev": [],
    "aliases": [],
    "minimum-stability": "stable",
    "stability-flags": {
        "fox/ttrss": 20
    },
    "prefer-stable": false,
    "prefer-lowest": false,
    "platform": {
        "php": ">=7.2.0",
        "ext-curl": "*",
        "ext-gd": "*",
        "ext-mbstring": "*",
        "ext-intl": "*"
    },
    "platform-dev": []
}
